
Microsoft Visual Studio Solution File, Format Version 12.00
# Visual Studio Version 16
VisualStudioVersion = 16.0.30413.136
MinimumVisualStudioVersion = 10.0.40219.1
Project("{FAE04EC0-301F-11D3-BF4B-00C04F79EFBC}") = "save-loads-ui", "save-loads-ui.csproj", "{A92BE874-A2DF-4F7E-9A80-34987F60A79F}"
EndProject
Global
	GlobalSection(SolutionConfigurationPlatforms) = preSolution
		Debug|Any CPU = Debug|Any CPU
		Release|Any CPU = Release|Any CPU
	EndGlobalSection
	GlobalSection(ProjectConfigurationPlatforms) = postSolution
		{A92BE874-A2DF-4F7E-9A80-34987F60A79F}.Debug|Any CPU.ActiveCfg = Debug|Any CPU
		{A92BE874-A2DF-4F7E-9A80-34987F60A79F}.Debug|Any CPU.Build.0 = Debug|Any CPU
		{A92BE874-A2DF-4F7E-9A80-34987F60A79F}.Release|Any CPU.ActiveCfg = Release|Any CPU
		{A92BE874-A2DF-4F7E-9A80-34987F60A79F}.Release|Any CPU.Build.0 = Release|Any CPU
	EndGlobalSection
	GlobalSection(SolutionProperties) = preSolution
		HideSolutionNode = FALSE
	EndGlobalSection
	GlobalSection(ExtensibilityGlobals) = postSolution
		SolutionGuid = {E7730EC6-AAE2-4785-9A33-2537367278EA}
	EndGlobalSection
EndGlobal
